{
  "lockfile_version": "1",
  "packages": {
    "github:NixOS/nixpkgs/nixpkgs-unstable": {
      "last_modified": "2026-08-22T10:28:36Z",
      "resolved": "github:NixOS/nixpkgs/c8f90650c15282fa8656a041bfbbd2403997a9a7?lastModified=1787394516"
    },
    "go@1.27.0": {
      "last_modified": "2026-08-27T07:16:00Z",
      "resolved": "github:NixOS/nixpkgs/c27cdad491a991b11ed731760aa2ef8db0cb0410#go_1_27",
      "source": "devbox-search",
      "version": "1.27.0",
      "systems": {
        "aarch64-darwin": {
          "outputs": [
            {
              "name": "out",
              "path": "/nix/store/lz3qw52rpazqga73xgsqlj4qz1lgs4hg-go-1.27.0",
              "default": true
            }
          ],
          "store_path": "/nix/store/lz3qw52rpazqga73xgsqlj4qz1lgs4hg-go-1.27.0"
        },
        "aarch64-linux": {
          "outputs": [
            {
              "name": "out",
              "path": "/nix/store/zqjvg5805xkf6zsd8nrdvgbv58yw2phr-go-1.27.0",
              "default": true
            }
          ],
          "store_path": "/nix/store/zqjvg5805xkf6zsd8nrdvgbv58yw2phr-go-1.27.0"
        },
        "x86_64-linux": {
          "outputs": [
            {
              "name": "out",
              "path": "/nix/store/fibbp1k5gcpaxcin4dzk70yd056rfjhg-go-1.27.0",
              "default": true
            }
          ],
          "store_path": "/nix/store/fibbp1k5gcpaxcin4dzk70yd056rfjhg-go-1.27.0"
        }
      }
    },
    "golangci-lint@2.11.4": {
      "last_modified": "2026-04-23T13:07:47Z",
      "resolved": "github:NixOS/nixpkgs/01fbdeef22b76df85ea168fbfe1bfd9e63681b30#golangci-lint",
      "source": "devbox-search",
      "version": "2.11.4",
      "systems": {
        "aarch64-darwin": {
          "outputs": [
            {
              "name": "out",
              "path": "/nix/store/iifi3gd1nsyqnniaagadm78ddsf360ys-golangci-lint-2.11.4",
              "default": true
            }
          ],
          "store_path": "/nix/store/iifi3gd1nsyqnniaagadm78ddsf360ys-golangci-lint-2.11.4"
        },
        "aarch64-linux": {
          "outputs": [
            {
              "name": "out",
              "path": "/nix/store/lnn623f95lg94bkvpk39z32q8xwbrxym-golangci-lint-2.11.4",
              "default": true
            }
          ],
          "store_path": "/nix/store/lnn623f95lg94bkvpk39z32q8xwbrxym-golangci-lint-2.11.4"
        },
        "x86_64-darwin": {
          "outputs": [
            {
              "name": "out",
              "path": "/nix/store/gzdiczgwmf9bgmzkj86jniw0kiq62rn8-golangci-lint-2.11.4",
              "default": true
            }
          ],
          "store_path": "/nix/store/gzdiczgwmf9bgmzkj86jniw0kiq62rn8-golangci-lint-2.11.4"
        },
        "x86_64-linux": {
          "outputs": [
            {
              "name": "out",
              "path": "/nix/store/r49b6973mb9kyn1q102yhcmzcbgmpvh0-golangci-lint-2.11.4",
              "default": true
            }
          ],
          "store_path": "/nix/store/r49b6973mb9kyn1q102yhcmzcbgmpvh0-golangci-lint-2.11.4"
        }
      }
    }
  }
}
